// !$*UTF8*$!
{
	archiveVersion = 1;
	classes = {
	};
	objectVersion = 46;
	objects = {

/* Begin PBXBuildFile section */
		CF8664E51C2E790500BC5BF9 /* main.m in Sources */ = {isa = PBXBuildFile; fileRef = CF8664E41C2E790500BC5BF9 /* main.m */; };
		CF8664ED1C2E7AE800BC5BF9 /* NSObject+SJIntrospection.m in Sources */ = {isa = PBXBuildFile; fileRef = CF8664EC1C2E7AE800BC5BF9 /* NSObject+SJIntrospection.m */; };
/* End PBXBuildFile section */

/* Begin PBXCopyFilesBuildPhase section */
		CF8664DF1C2E790500BC5BF9 /* CopyFiles */ = {
			isa = PBXCopyFilesBuildPhase;
			buildActionMask = 2147483647;
			dstPath = /usr/share/man/man1/;
			dstSubfolderSpec = 0;
			files = (
			);
			runOnlyForDeploymentPostprocessing = 1;
		};
/* End PBXCopyFilesBuildPhase section */

/* Begin PBXFileReference section */
		CF8664E11C2E790500BC5BF9 /* KVOTT */ = {isa = PBXFileReference; explicitFileType = "compiled.mach-o.executable"; includeInIndex = 0; path = KVOTT; sourceTree = BUILT_PRODUCTS_DIR; };
		CF8664E41C2E790500BC5BF9 /* main.m */ = {isa = PBXFileReference; lastKnownFileType = sourcecode.c.objc; path = main.m; sourceTree = "<group>"; };
		CF8664EB1C2E7AE800BC5BF9 /* NSObject+SJIntrospection.h */ = {isa = PBXFileReference; fileEncoding = 4; lastKnownFileType = sourcecode.c.h; path = "NSObject+SJIntrospection.h"; sourceTree = "<group>"; };
		CF8664EC1C2E7AE800BC5BF9 /* NSObject+SJIntrospection.m */ = {isa = PBXFileReference; fileEncoding = 4; lastKnownFileType = sourcecode.c.objc; path = "NSObject+SJIntrospection.m"; sourceTree = "<group>"; };
/* End PBXFileReference section */

/* Begin PBXFrameworksBuildPhase section */
		CF8664DE1C2E790500BC5BF9 /* Frameworks */ = {
			isa = PBXFrameworksBuildPhase;
			buildActionMask = 2147483647;
			files = (
			);
			runOnlyForDeploymentPostprocessing = 0;
		};
/* End PBXFrameworksBuildPhase section */

/* Begin PBXGroup section */
		CF8664D81C2E790500BC5BF9 = {
			isa = PBXGroup;
			children = (
				CF8664E31C2E790500BC5BF9 /* KVOTT */,
				CF8664E21C2E790500BC5BF9 /* Products */,
			);
			sourceTree = "<group>";
		};
		CF8664E21C2E790500BC5BF9 /* Products */ = {
			isa = PBXGroup;
			children = (
				CF8664E11C2E790500BC5BF9 /* KVOTT */,
			);
			name = Products;
			sourceTree = "<group>";
		};
		CF8664E31C2E790500BC5BF9 /* KVOTT */ = {
			isa = PBXGroup;
			children = (
				CF8664E41C2E790500BC5BF9 /* main.m */,
				CF8664EB1C2E7AE800BC5BF9 /* NSObject+SJIntrospection.h */,
				CF8664EC1C2E7AE800BC5BF9 /* NSObject+SJIntrospection.m */,
			);
			path = KVOTT;
			sourceTree = "<group>";
		};
/* End PBXGroup section */

/* Begin PBXNativeTarget section */
		CF8664E01C2E790500BC5BF9 /* KVOTT */ = {
			isa = PBXNativeTarget;
			buildConfigurationList = CF8664E81C2E790500BC5BF9 /* Build configuration list for PBXNativeTarget "KVOTT" */;
			buildPhases = (
				CF8664DD1C2E790500BC5BF9 /* Sources */,
				CF8664DE1C2E790500BC5BF9 /* Frameworks */,
				CF8664DF1C2E790500BC5BF9 /* CopyFiles */,
			);
			buildRules = (
			);
			dependencies = (
			);
			name = KVOTT;
			productName = KVOTT;
			productReference = CF8664E11C2E790500BC5BF9 /* KVOTT */;
			productType = "com.apple.product-type.tool";
		};
/* End PBXNativeTarget section */

/* Begin PBXProject section */
		CF8664D91C2E790500BC5BF9 /* Project object */ = {
			isa = PBXProject;
			attributes = {
				LastUpgradeCheck = 0720;
				ORGANIZATIONNAME = shejun.zhou;
				TargetAttributes = {
					CF8664E01C2E790500BC5BF9 = {
						CreatedOnToolsVersion = 7.2;
					};
				};
			};
			buildConfigurationList = CF8664DC1C2E790500BC5BF9 /* Build configuration list for PBXProject "KVOTT" */;
			compatibilityVersion = "Xcode 3.2";
			developmentRegion = English;
			hasScannedForEncodings = 0;
			knownRegions = (
				en,
			);
			mainGroup = CF8664D81C2E790500BC5BF9;
			productRefGroup = CF8664E21C2E790500BC5BF9 /* Products */;
			projectDirPath = "";
			projectRoot = "";
			targets = (
				CF8664E01C2E790500BC5BF9 /* KVOTT */,
			);
		};
/* End PBXProject section */

/* Begin PBXSourcesBuildPhase section */
		CF8664DD1C2E790500BC5BF9 /* Sources */ = {
			isa = PBXSourcesBuildPhase;
			buildActionMask = 2147483647;
			files = (
				CF8664ED1C2E7AE800BC5BF9 /* NSObject+SJIntrospection.m in Sources */,
				CF8664E51C2E790500BC5BF9 /* main.m in Sources */,
			);
			runOnlyForDeploymentPostprocessing = 0;
		};
/* End PBXSourcesBuildPhase section */

/* Begin XCBuildConfiguration section */
		CF8664E61C2E790500BC5BF9 /* Debug */ = {
			isa = XCBuildConfiguration;
			buildSettings = {
				ALWAYS_SEARCH_USER_PATHS = NO;
				CLANG_CXX_LANGUAGE_STANDARD = "gnu++0x";
				CLANG_CXX_LIBRARY = "libc++";
				CLANG_ENABLE_MODULES = YES;
				CLANG_ENABLE_OBJC_ARC = YES;
				CLANG_WARN_BOOL_CONVERSION = YES;
				CLANG_WARN_CONSTANT_CONVERSION = YES;
				CLANG_WARN_DIRECT_OBJC_ISA_USAGE = YES_ERROR;
				CLANG_WARN_EMPTY_BODY = YES;
				CLANG_WARN_ENUM_CONVERSION = YES;
				CLANG_WARN_INT_CONVERSION = YES;
				CLANG_WARN_OBJC_ROOT_CLASS = YES_ERROR;
				CLANG_WARN_UNREACHABLE_CODE = YES;
				CLANG_WARN__DUPLICATE_METHOD_MATCH = YES;
				CODE_SIGN_IDENTITY = "-";
				COPY_PHASE_STRIP = NO;
				DEBUG_INFORMATION_FORMAT = dwarf;
				ENABLE_STRICT_OBJC_MSGSEND = YES;
				ENABLE_TESTABILITY = YES;
				GCC_C_LANGUAGE_STANDARD = gnu99;
				GCC_DYNAMIC_NO_PIC = NO;
				GCC_NO_COMMON_BLOCKS = YES;
				GCC_OPTIMIZATION_LEVEL = 0;
				GCC_PREPROCESSOR_DEFINITIONS = (
					"DEBUG=1",
					"$(inherited)",
				);
				GCC_WARN_64_TO_32_BIT_CONVERSION = YES;
				GCC_WARN_ABOUT_RETURN_TYPE = YES_ERROR;
				GCC_WARN_UNDECLARED_SELECTOR = YES;
				GCC_WARN_UNINITIALIZED_AUTOS = YES_AGGRESSIVE;
				GCC_WARN_UNUSED_FUNCTION = YES;
				GCC_WARN_UNUSED_VARIABLE = YES;
				MACOSX_DEPLOYMENT_TARGET = 10.11;
				MTL_ENABLE_DEBUG_INFO = YES;
				ONLY_ACTIVE_ARCH = YES;
				SDKROOT = macosx;
			};
			name = Debug;
		};
		CF8664E71C2E790500BC5BF9 /* Release */ = {
			isa = XCBuildConfiguration;
			buildSettings = {
				ALWAYS_SEARCH_USER_PATHS = NO;
				CLANG_CXX_LANGUAGE_STANDARD = "gnu++0x";
				CLANG_CXX_LIBRARY = "libc++";
				CLANG_ENABLE_MODULES = YES;
				CLANG_ENABLE_OBJC_ARC = YES;
				CLANG_WARN_BOOL_CONVERSION = YES;
				CLANG_WARN_CONSTANT_CONVERSION = YES;
				CLANG_WARN_DIRECT_OBJC_ISA_USAGE = YES_ERROR;
				CLANG_WARN_EMPTY_BODY = YES;
				CLANG_WARN_ENUM_CONVERSION = YES;
				CLANG_WARN_INT_CONVERSION = YES;
				CLANG_WARN_OBJC_ROOT_CLASS = YES_ERROR;
				CLANG_WARN_UNREACHABLE_CODE = YES;
				CLANG_WARN__DUPLICATE_METHOD_MATCH = YES;
				CODE_SIGN_IDENTITY = "-";
				COPY_PHASE_STRIP = NO;
				DEBUG_INFORMATION_FORMAT = "dwarf-with-dsym";
				ENABLE_NS_ASSERTIONS = NO;
				ENABLE_STRICT_OBJC_MSGSEND = YES;
				GCC_C_LANGUAGE_STANDARD = gnu99;
				GCC_NO_COMMON_BLOCKS = YES;
				GCC_WARN_64_TO_32_BIT_CONVERSION = YES;
				GCC_WARN_ABOUT_RETURN_TYPE = YES_ERROR;
				GCC_WARN_UNDECLARED_SELECTOR = YES;
				GCC_WARN_UNINITIALIZED_AUTOS = YES_AGGRESSIVE;
				GCC_WARN_UNUSED_FUNCTION = YES;
				GCC_WARN_UNUSED_VARIABLE = YES;
				MACOSX_DEPLOYMENT_TARGET = 10.11;
				MTL_ENABLE_DEBUG_INFO = NO;
				SDKROOT = macosx;
			};
			name = Release;
		};
		CF8664E91C2E790500BC5BF9 /* Debug */ = {
			isa = XCBuildConfiguration;
			buildSettings = {
				PRODUCT_NAME = "$(TARGET_NAME)";
			};
			name = Debug;
		};
		CF8664EA1C2E790500BC5BF9 /* Release */ = {
			isa = XCBuildConfiguration;
			buildSettings = {
				PRODUCT_NAME = "$(TARGET_NAME)";
			};
			name = Release;
		};
/* End XCBuildConfiguration section */

/* Begin XCConfigurationList section */
		CF8664DC1C2E790500BC5BF9 /* Build configuration list for PBXProject "KVOTT" */ = {
			isa = XCConfigurationList;
			buildConfigurations = (
				CF8664E61C2E790500BC5BF9 /* Debug */,
				CF8664E71C2E790500BC5BF9 /* Release */,
			);
			defaultConfigurationIsVisible = 0;
			defaultConfigurationName = Release;
		};
		CF8664E81C2E790500BC5BF9 /* Build configuration list for PBXNativeTarget "KVOTT" */ = {
			isa = XCConfigurationList;
			buildConfigurations = (
				CF8664E91C2E790500BC5BF9 /* Debug */,
				CF8664EA1C2E790500BC5BF9 /* Release */,
			);
			defaultConfigurationIsVisible = 0;
			defaultConfigurationName = Release;
		};
/* End XCConfigurationList section */
	};
	rootObject = CF8664D91C2E790500BC5BF9 /* Project object */;
}
